
Microsoft Visual Studio Solution File, Format Version 12.00
# Visual Studio Version 16
VisualStudioVersion = 16.0.29424.173
MinimumVisualStudioVersion = 10.0.40219.1
Project("{9A19103F-16F7-4668-BE54-9A1E7A4F7556}") = "Open.Database.Extensions", "Open.Database.Extensions.csproj", "{92B83F94-3EA4-4834-B3B7-1DBE747E336A}"
EndProject
Project("{9A19103F-16F7-4668-BE54-9A1E7A4F7556}") = "Open.Database.Extensions.Core", "Core\Open.Database.Extensions.Core.csproj", "{67682996-0680-4D07-A7E9-38D70C999119}"
EndProject
Project("{9A19103F-16F7-4668-BE54-9A1E7A4F7556}") = "Open.Database.Extensions.Dataflow", "Dataflow\Open.Database.Extensions.Dataflow.csproj", "{862710B0-C5B4-458D-803E-AD79F70DDEF1}"
EndProject
Project("{9A19103F-16F7-4668-BE54-9A1E7A4F7556}") = "Open.Database.Extensions.SqlClient", "SqlClient\Open.Database.Extensions.SqlClient.csproj", "{F2402B6B-652B-479F-8F7E-885ED175D584}"
EndProject
Project("{9A19103F-16F7-4668-BE54-9A1E7A4F7556}") = "Open.Database.Extensions.Channel", "Channel\Open.Database.Extensions.Channel.csproj", "{EE37225F-0B2B-4225-B07D-2BCE007B780C}"
EndProject
Global
	GlobalSection(SolutionConfigurationPlatforms) = preSolution
		Debug|Any CPU = Debug|Any CPU
		Release|Any CPU = Release|Any CPU
	EndGlobalSection
	GlobalSection(ProjectConfigurationPlatforms) = postSolution
		{92B83F94-3EA4-4834-B3B7-1DBE747E336A}.Debug|Any CPU.ActiveCfg = Debug|Any CPU
		{92B83F94-3EA4-4834-B3B7-1DBE747E336A}.Debug|Any CPU.Build.0 = Debug|Any CPU
		{92B83F94-3EA4-4834-B3B7-1DBE747E336A}.Release|Any CPU.ActiveCfg = Release|Any CPU
		{92B83F94-3EA4-4834-B3B7-1DBE747E336A}.Release|Any CPU.Build.0 = Release|Any CPU
		{67682996-0680-4D07-A7E9-38D70C999119}.Debug|Any CPU.ActiveCfg = Debug|Any CPU
		{67682996-0680-4D07-A7E9-38D70C999119}.Debug|Any CPU.Build.0 = Debug|Any CPU
		{67682996-0680-4D07-A7E9-38D70C999119}.Release|Any CPU.ActiveCfg = Release|Any CPU
		{67682996-0680-4D07-A7E9-38D70C999119}.Release|Any CPU.Build.0 = Release|Any CPU
		{862710B0-C5B4-458D-803E-AD79F70DDEF1}.Debug|Any CPU.ActiveCfg = Debug|Any CPU
		{862710B0-C5B4-458D-803E-AD79F70DDEF1}.Debug|Any CPU.Build.0 = Debug|Any CPU
		{862710B0-C5B4-458D-803E-AD79F70DDEF1}.Release|Any CPU.ActiveCfg = Release|Any CPU
		{862710B0-C5B4-458D-803E-AD79F70DDEF1}.Release|Any CPU.Build.0 = Release|Any CPU
		{F2402B6B-652B-479F-8F7E-885ED175D584}.Debug|Any CPU.ActiveCfg = Debug|Any CPU
		{F2402B6B-652B-479F-8F7E-885ED175D584}.Debug|Any CPU.Build.0 = Debug|Any CPU
		{F2402B6B-652B-479F-8F7E-885ED175D584}.Release|Any CPU.ActiveCfg = Release|Any CPU
		{F2402B6B-652B-479F-8F7E-885ED175D584}.Release|Any CPU.Build.0 = Release|Any CPU
		{EE37225F-0B2B-4225-B07D-2BCE007B780C}.Debug|Any CPU.ActiveCfg = Debug|Any CPU
		{EE37225F-0B2B-4225-B07D-2BCE007B780C}.Debug|Any CPU.Build.0 = Debug|Any CPU
		{EE37225F-0B2B-4225-B07D-2BCE007B780C}.Release|Any CPU.ActiveCfg = Release|Any CPU
		{EE37225F-0B2B-4225-B07D-2BCE007B780C}.Release|Any CPU.Build.0 = Release|Any CPU
	EndGlobalSection
	GlobalSection(SolutionProperties) = preSolution
		HideSolutionNode = FALSE
	EndGlobalSection
	GlobalSection(ExtensibilityGlobals) = postSolution
		SolutionGuid = {EED4AA5B-BA69-4C11-ADA6-6B95EA8F23D8}
	EndGlobalSection
EndGlobal
